PODS:
  - Alamofire (4.0.1)
  - AlamofireObjectMapper (4.0.0):
    - Alamofire (~> 4.0)
    - ObjectMapper (~> 2.0)
  - DGElasticPullToRefresh (1.1)
  - Digits (2.2.0):
    - TwitterCore (= 2.2.0)
  - Fabric (1.6.7)
  - Locksmith (3.0.0)
  - ObjectMapper (2.2.0)
  - PhoneNumberKit (1.0.1):
    - PhoneNumberKit/PhoneNumberKitCore (= 1.0.1)
    - PhoneNumberKit/UIKit (= 1.0.1)
  - PhoneNumberKit/PhoneNumberKitCore (1.0.1)
  - PhoneNumberKit/UIKit (1.0.1):
    - PhoneNumberKit/PhoneNumberKitCore
  - RxSwift (3.0.0)
  - TwitterCore (2.2.0):
    - Fabric

DEPENDENCIES:
  - Alamofire (~> 4.0)
  - AlamofireObjectMapper (~> 4.0)
  - DGElasticPullToRefresh
  - Digits
  - Fabric
  - Locksmith
  - PhoneNumberKit (~> 1.0)
  - RxSwift (~> 3.0)
  - TwitterCore

SPEC CHECKSUMS:
  Alamofire: 7682d43245de14874acd142ec137b144aa1dd335
  AlamofireObjectMapper: 9faa3ce5a240efda1b209009a2d6e1e949227abc
  DGElasticPullToRefresh: 28f11a6026302a90f8ffebbc6e24748e584dddd3
  Digits: 335c479574eb2bbc50be326c1daf505b68d87135
  Fabric: caf7580c725e64db144f610ac65cd60956911dc7
  Locksmith: 310b4cc5031af5728bf4db5d4de547a5100c6a3b
  ObjectMapper: 4060d739febae11ab0c6af8d786f98667c82e1bd
  PhoneNumberKit: 0b5ea9a5454d201656db766343e9d768f8542496
  RxSwift: a930cd662f5b4a7ca9dc3518585dba91dadf497c
  TwitterCore: 115527630bb2986954adc928b8c895a92bcd57e5

PODFILE CHECKSUM: 1d8b0e9784ada9d982f5e1326e6f5e7649c15733

COCOAPODS: 1.1.1
